Microsoft Visual Studio Solution File, Format Version 12.00
# Visual Studio 15
VisualStudioVersion = 15.0.26124.0
MinimumVisualStudioVersion = 15.0.26124.0
Project("{9A19103F-16F7-4668-BE54-9A1E7A4F7556}") = "Services", "2 - Services\Services.csproj", "{3A514A69-8759-42AA-AB7F-5DB5F1901C5E}"
EndProject
Project("{9A19103F-16F7-4668-BE54-9A1E7A4F7556}") = "Application", "3 - Application\Application.csproj", "{12B07B95-7BC0-4E46-BCA5-4199F441B739}"
EndProject
Project("{9A19103F-16F7-4668-BE54-9A1E7A4F7556}") = "Domain", "4 - Domain\Domain.csproj", "{91A1238F-41CF-455F-9DA2-8E2FABBF26AC}"
EndProject
Project("{9A19103F-16F7-4668-BE54-9A1E7A4F7556}") = "Tests", "6 - Tests\Tests.csproj", "{14C18FF6-0205-4C98-A5A6-2CAB2BF7773C}"
EndProject
Project("{9A19103F-16F7-4668-BE54-9A1E7A4F7556}") = "Infra.Data", "5 - Infra\5.1 - Infra.Data\Infra.Data.csproj", "{28D620B7-075B-4081-8237-5E730D510C60}"
EndProject
Project("{9A19103F-16F7-4668-BE54-9A1E7A4F7556}") = "Infra.CrossCutting.IoC", "5 - Infra\5.2 - Infra.CrossCutting.IoC\Infra.CrossCutting.IoC.csproj", "{BAE54F8D-7DD8-4D35-9621-66E0702A0659}"
EndProject
Project("{9A19103F-16F7-4668-BE54-9A1E7A4F7556}") = "Infra.CrossCutting.Identity", "5 - Infra\5.3 - Infra.Identity\Infra.CrossCutting.Identity.csproj", "{9CDD3843-995A-4656-8E45-36F39D8E39C6}"
EndProject
Project("{2150E333-8FDC-42A3-9474-1A3956D46DE8}") = "5 - Infra", "5 - Infra", "{73A352C8-141E-4A96-A381-4C34F2D64DE7}"
EndProject
Project("{2150E333-8FDC-42A3-9474-1A3956D46DE8}") = "3 - Application", "3 - Application", "{BDA01F7C-1C1B-450B-A7CD-3CC2682BB5FD}"
EndProject
Project("{2150E333-8FDC-42A3-9474-1A3956D46DE8}") = "3 - Domain", "3 - Domain", "{460A6904-22F3-49CD-B3DD-EBD5ECC25048}"
EndProject
Project("{2150E333-8FDC-42A3-9474-1A3956D46DE8}") = "1 - Presentation", "1 - Presentation", "{C1A54BC1-A055-4ABB-B7DB-79FEE1B0C6CB}"
EndProject
Project("{2150E333-8FDC-42A3-9474-1A3956D46DE8}") = "2 - Services", "2 - Services", "{997D2E09-7319-4777-9A85-A071468A56E6}"
EndProject
Project("{2150E333-8FDC-42A3-9474-1A3956D46DE8}") = "6 - Tests", "6 - Tests", "{BF67ED79-29EC-4CEC-89A0-E285BE21A948}"
EndProject
Project("{2150E333-8FDC-42A3-9474-1A3956D46DE8}") = "5.1 - Infra.Data", "5.1 - Infra.Data", "{DDF38DD8-2A73-4B9C-B20F-544603EBF561}"
EndProject
Project("{2150E333-8FDC-42A3-9474-1A3956D46DE8}") = "5.2 - Infra.CrossCutting", "5.2 - Infra.CrossCutting", "{549CECB4-E140-44DF-BD64-BE336AB10249}"
EndProject
Project("{FAE04EC0-301F-11D3-BF4B-00C04F79EFBC}") = "MVC", "1 - Presentation\MVC\MVC.csproj", "{0C08E98E-B0DD-43ED-8B8B-5EEFE5589F46}"
EndProject
Global
	GlobalSection(SolutionConfigurationPlatforms) = preSolution
		Debug|Any CPU = Debug|Any CPU
		Debug|x64 = Debug|x64
		Debug|x86 = Debug|x86
		Release|Any CPU = Release|Any CPU
		Release|x64 = Release|x64
		Release|x86 = Release|x86
	EndGlobalSection
	GlobalSection(ProjectConfigurationPlatforms) = postSolution
		{3A514A69-8759-42AA-AB7F-5DB5F1901C5E}.Debug|Any CPU.ActiveCfg = Debug|Any CPU
		{3A514A69-8759-42AA-AB7F-5DB5F1901C5E}.Debug|Any CPU.Build.0 = Debug|Any CPU
		{3A514A69-8759-42AA-AB7F-5DB5F1901C5E}.Debug|x64.ActiveCfg = Debug|Any CPU
		{3A514A69-8759-42AA-AB7F-5DB5F1901C5E}.Debug|x64.Build.0 = Debug|Any CPU
		{3A514A69-8759-42AA-AB7F-5DB5F1901C5E}.Debug|x86.ActiveCfg = Debug|Any CPU
		{3A514A69-8759-42AA-AB7F-5DB5F1901C5E}.Debug|x86.Build.0 = Debug|Any CPU
		{3A514A69-8759-42AA-AB7F-5DB5F1901C5E}.Release|Any CPU.ActiveCfg = Release|Any CPU
		{3A514A69-8759-42AA-AB7F-5DB5F1901C5E}.Release|Any CPU.Build.0 = Release|Any CPU
		{3A514A69-8759-42AA-AB7F-5DB5F1901C5E}.Release|x64.ActiveCfg = Release|Any CPU
		{3A514A69-8759-42AA-AB7F-5DB5F1901C5E}.Release|x64.Build.0 = Release|Any CPU
		{3A514A69-8759-42AA-AB7F-5DB5F1901C5E}.Release|x86.ActiveCfg = Release|Any CPU
		{3A514A69-8759-42AA-AB7F-5DB5F1901C5E}.Release|x86.Build.0 = Release|Any CPU
		{12B07B95-7BC0-4E46-BCA5-4199F441B739}.Debug|Any CPU.ActiveCfg = Debug|Any CPU
		{12B07B95-7BC0-4E46-BCA5-4199F441B739}.Debug|Any CPU.Build.0 = Debug|Any CPU
		{12B07B95-7BC0-4E46-BCA5-4199F441B739}.Debug|x64.ActiveCfg = Debug|Any CPU
		{12B07B95-7BC0-4E46-BCA5-4199F441B739}.Debug|x64.Build.0 = Debug|Any CPU
		{12B07B95-7BC0-4E46-BCA5-4199F441B739}.Debug|x86.ActiveCfg = Debug|Any CPU
		{12B07B95-7BC0-4E46-BCA5-4199F441B739}.Debug|x86.Build.0 = Debug|Any CPU
		{12B07B95-7BC0-4E46-BCA5-4199F441B739}.Release|Any CPU.ActiveCfg = Release|Any CPU
		{12B07B95-7BC0-4E46-BCA5-4199F441B739}.Release|Any CPU.Build.0 = Release|Any CPU
		{12B07B95-7BC0-4E46-BCA5-4199F441B739}.Release|x64.ActiveCfg = Release|Any CPU
		{12B07B95-7BC0-4E46-BCA5-4199F441B739}.Release|x64.Build.0 = Release|Any CPU
		{12B07B95-7BC0-4E46-BCA5-4199F441B739}.Release|x86.ActiveCfg = Release|Any CPU
		{12B07B95-7BC0-4E46-BCA5-4199F441B739}.Release|x86.Build.0 = Release|Any CPU
		{91A1238F-41CF-455F-9DA2-8E2FABBF26AC}.Debug|Any CPU.ActiveCfg = Debug|Any CPU
		{91A1238F-41CF-455F-9DA2-8E2FABBF26AC}.Debug|Any CPU.Build.0 = Debug|Any CPU
		{91A1238F-41CF-455F-9DA2-8E2FABBF26AC}.Debug|x64.ActiveCfg = Debug|Any CPU
		{91A1238F-41CF-455F-9DA2-8E2FABBF26AC}.Debug|x64.Build.0 = Debug|Any CPU
		{91A1238F-41CF-455F-9DA2-8E2FABBF26AC}.Debug|x86.ActiveCfg = Debug|Any CPU
		{91A1238F-41CF-455F-9DA2-8E2FABBF26AC}.Debug|x86.Build.0 = Debug|Any CPU
		{91A1238F-41CF-455F-9DA2-8E2FABBF26AC}.Release|Any CPU.ActiveCfg = Release|Any CPU
		{91A1238F-41CF-455F-9DA2-8E2FABBF26AC}.Release|Any CPU.Build.0 = Release|Any CPU
		{91A1238F-41CF-455F-9DA2-8E2FABBF26AC}.Release|x64.ActiveCfg = Release|Any CPU
		{91A1238F-41CF-455F-9DA2-8E2FABBF26AC}.Release|x64.Build.0 = Release|Any CPU
		{91A1238F-41CF-455F-9DA2-8E2FABBF26AC}.Release|x86.ActiveCfg = Release|Any CPU
		{91A1238F-41CF-455F-9DA2-8E2FABBF26AC}.Release|x86.Build.0 = Release|Any CPU
		{14C18FF6-0205-4C98-A5A6-2CAB2BF7773C}.Debug|Any CPU.ActiveCfg = Debug|Any CPU
		{14C18FF6-0205-4C98-A5A6-2CAB2BF7773C}.Debug|Any CPU.Build.0 = Debug|Any CPU
		{14C18FF6-0205-4C98-A5A6-2CAB2BF7773C}.Debug|x64.ActiveCfg = Debug|Any CPU
		{14C18FF6-0205-4C98-A5A6-2CAB2BF7773C}.Debug|x64.Build.0 = Debug|Any CPU
		{14C18FF6-0205-4C98-A5A6-2CAB2BF7773C}.Debug|x86.ActiveCfg = Debug|Any CPU
		{14C18FF6-0205-4C98-A5A6-2CAB2BF7773C}.Debug|x86.Build.0 = Debug|Any CPU
		{14C18FF6-0205-4C98-A5A6-2CAB2BF7773C}.Release|Any CPU.ActiveCfg = Release|Any CPU
		{14C18FF6-0205-4C98-A5A6-2CAB2BF7773C}.Release|Any CPU.Build.0 = Release|Any CPU
		{14C18FF6-0205-4C98-A5A6-2CAB2BF7773C}.Release|x64.ActiveCfg = Release|Any CPU
		{14C18FF6-0205-4C98-A5A6-2CAB2BF7773C}.Release|x64.Build.0 = Release|Any CPU
		{14C18FF6-0205-4C98-A5A6-2CAB2BF7773C}.Release|x86.ActiveCfg = Release|Any CPU
		{14C18FF6-0205-4C98-A5A6-2CAB2BF7773C}.Release|x86.Build.0 = Release|Any CPU
		{28D620B7-075B-4081-8237-5E730D510C60}.Debug|Any CPU.ActiveCfg = Debug|Any CPU
		{28D620B7-075B-4081-8237-5E730D510C60}.Debug|Any CPU.Build.0 = Debug|Any CPU
		{28D620B7-075B-4081-8237-5E730D510C60}.Debug|x64.ActiveCfg = Debug|Any CPU
		{28D620B7-075B-4081-8237-5E730D510C60}.Debug|x64.Build.0 = Debug|Any CPU
		{28D620B7-075B-4081-8237-5E730D510C60}.Debug|x86.ActiveCfg = Debug|Any CPU
		{28D620B7-075B-4081-8237-5E730D510C60}.Debug|x86.Build.0 = Debug|Any CPU
		{28D620B7-075B-4081-8237-5E730D510C60}.Release|Any CPU.ActiveCfg = Release|Any CPU
		{28D620B7-075B-4081-8237-5E730D510C60}.Release|Any CPU.Build.0 = Release|Any CPU
		{28D620B7-075B-4081-8237-5E730D510C60}.Release|x64.ActiveCfg = Release|Any CPU
		{28D620B7-075B-4081-8237-5E730D510C60}.Release|x64.Build.0 = Release|Any CPU
		{28D620B7-075B-4081-8237-5E730D510C60}.Release|x86.ActiveCfg = Release|Any CPU
		{28D620B7-075B-4081-8237-5E730D510C60}.Release|x86.Build.0 = Release|Any CPU
		{BAE54F8D-7DD8-4D35-9621-66E0702A0659}.Debug|Any CPU.ActiveCfg = Debug|Any CPU
		{BAE54F8D-7DD8-4D35-9621-66E0702A0659}.Debug|Any CPU.Build.0 = Debug|Any CPU
		{BAE54F8D-7DD8-4D35-9621-66E0702A0659}.Debug|x64.ActiveCfg = Debug|Any CPU
		{BAE54F8D-7DD8-4D35-9621-66E0702A0659}.Debug|x64.Build.0 = Debug|Any CPU
		{BAE54F8D-7DD8-4D35-9621-66E0702A0659}.Debug|x86.ActiveCfg = Debug|Any CPU
		{BAE54F8D-7DD8-4D35-9621-66E0702A0659}.Debug|x86.Build.0 = Debug|Any CPU
		{BAE54F8D-7DD8-4D35-9621-66E0702A0659}.Release|Any CPU.ActiveCfg = Release|Any CPU
		{BAE54F8D-7DD8-4D35-9621-66E0702A0659}.Release|Any CPU.Build.0 = Release|Any CPU
		{BAE54F8D-7DD8-4D35-9621-66E0702A0659}.Release|x64.ActiveCfg = Release|Any CPU
		{BAE54F8D-7DD8-4D35-9621-66E0702A0659}.Release|x64.Build.0 = Release|Any CPU
		{BAE54F8D-7DD8-4D35-9621-66E0702A0659}.Release|x86.ActiveCfg = Release|Any CPU
		{BAE54F8D-7DD8-4D35-9621-66E0702A0659}.Release|x86.Build.0 = Release|Any CPU
		{9CDD3843-995A-4656-8E45-36F39D8E39C6}.Debug|Any CPU.ActiveCfg = Debug|Any CPU
		{9CDD3843-995A-4656-8E45-36F39D8E39C6}.Debug|Any CPU.Build.0 = Debug|Any CPU
		{9CDD3843-995A-4656-8E45-36F39D8E39C6}.Debug|x64.ActiveCfg = Debug|Any CPU
		{9CDD3843-995A-4656-8E45-36F39D8E39C6}.Debug|x64.Build.0 = Debug|Any CPU
		{9CDD3843-995A-4656-8E45-36F39D8E39C6}.Debug|x86.ActiveCfg = Debug|Any CPU
		{9CDD3843-995A-4656-8E45-36F39D8E39C6}.Debug|x86.Build.0 = Debug|Any CPU
		{9CDD3843-995A-4656-8E45-36F39D8E39C6}.Release|Any CPU.ActiveCfg = Release|Any CPU
		{9CDD3843-995A-4656-8E45-36F39D8E39C6}.Release|Any CPU.Build.0 = Release|Any CPU
		{9CDD3843-995A-4656-8E45-36F39D8E39C6}.Release|x64.ActiveCfg = Release|Any CPU
		{9CDD3843-995A-4656-8E45-36F39D8E39C6}.Release|x64.Build.0 = Release|Any CPU
		{9CDD3843-995A-4656-8E45-36F39D8E39C6}.Release|x86.ActiveCfg = Release|Any CPU
		{9CDD3843-995A-4656-8E45-36F39D8E39C6}.Release|x86.Build.0 = Release|Any CPU
		{0C08E98E-B0DD-43ED-8B8B-5EEFE5589F46}.Debug|Any CPU.ActiveCfg = Debug|Any CPU
		{0C08E98E-B0DD-43ED-8B8B-5EEFE5589F46}.Debug|Any CPU.Build.0 = Debug|Any CPU
		{0C08E98E-B0DD-43ED-8B8B-5EEFE5589F46}.Debug|x64.ActiveCfg = Debug|Any CPU
		{0C08E98E-B0DD-43ED-8B8B-5EEFE5589F46}.Debug|x64.Build.0 = Debug|Any CPU
		{0C08E98E-B0DD-43ED-8B8B-5EEFE5589F46}.Debug|x86.ActiveCfg = Debug|Any CPU
		{0C08E98E-B0DD-43ED-8B8B-5EEFE5589F46}.Debug|x86.Build.0 = Debug|Any CPU
		{0C08E98E-B0DD-43ED-8B8B-5EEFE5589F46}.Release|Any CPU.ActiveCfg = Release|Any CPU
		{0C08E98E-B0DD-43ED-8B8B-5EEFE5589F46}.Release|Any CPU.Build.0 = Release|Any CPU
		{0C08E98E-B0DD-43ED-8B8B-5EEFE5589F46}.Release|x64.ActiveCfg = Release|Any CPU
		{0C08E98E-B0DD-43ED-8B8B-5EEFE5589F46}.Release|x64.Build.0 = Release|Any CPU
		{0C08E98E-B0DD-43ED-8B8B-5EEFE5589F46}.Release|x86.ActiveCfg = Release|Any CPU
		{0C08E98E-B0DD-43ED-8B8B-5EEFE5589F46}.Release|x86.Build.0 = Release|Any CPU
	EndGlobalSection
	GlobalSection(SolutionProperties) = preSolution
		HideSolutionNode = FALSE
	EndGlobalSection
	GlobalSection(NestedProjects) = preSolution
		{3A514A69-8759-42AA-AB7F-5DB5F1901C5E} = {997D2E09-7319-4777-9A85-A071468A56E6}
		{12B07B95-7BC0-4E46-BCA5-4199F441B739} = {BDA01F7C-1C1B-450B-A7CD-3CC2682BB5FD}
		{91A1238F-41CF-455F-9DA2-8E2FABBF26AC} = {460A6904-22F3-49CD-B3DD-EBD5ECC25048}
		{14C18FF6-0205-4C98-A5A6-2CAB2BF7773C} = {BF67ED79-29EC-4CEC-89A0-E285BE21A948}
		{28D620B7-075B-4081-8237-5E730D510C60} = {DDF38DD8-2A73-4B9C-B20F-544603EBF561}
		{BAE54F8D-7DD8-4D35-9621-66E0702A0659} = {549CECB4-E140-44DF-BD64-BE336AB10249}
		{9CDD3843-995A-4656-8E45-36F39D8E39C6} = {549CECB4-E140-44DF-BD64-BE336AB10249}
		{DDF38DD8-2A73-4B9C-B20F-544603EBF561} = {73A352C8-141E-4A96-A381-4C34F2D64DE7}
		{549CECB4-E140-44DF-BD64-BE336AB10249} = {73A352C8-141E-4A96-A381-4C34F2D64DE7}
		{0C08E98E-B0DD-43ED-8B8B-5EEFE5589F46} = {C1A54BC1-A055-4ABB-B7DB-79FEE1B0C6CB}
	EndGlobalSection
	GlobalSection(ExtensibilityGlobals) = postSolution
		SolutionGuid = {1904B10D-94EC-424D-AB40-FCB52C481EB4}
	EndGlobalSection
EndGlobal
